
Microsoft Visual Studio Solution File, Format Version 12.00
# Visual Studio Version 17
VisualStudioVersion = 17.0.31903.59
MinimumVisualStudioVersion = 10.0.40219.1
Project("{FAE04EC0-301F-11D3-BF4B-00C04F79EFBC}") = "ModularMonolith.Api", "ModularMonolith.Api\ModularMonolith.Api.csproj", "{46BE5963-DB6B-440B-BEB6-864B46A1C175}"
EndProject
Project("{2150E333-8FDC-42A3-9474-1A3956D46DE8}") = "Greetings", "Greetings", "{82FEC17F-555C-4F2B-8406-A1F59F303DF9}"
EndProject
Project("{2150E333-8FDC-42A3-9474-1A3956D46DE8}") = "WeatherReporting", "WeatherReporting", "{910E4113-361E-4AB4-99E8-3E844E977596}"
EndProject
Project("{FAE04EC0-301F-11D3-BF4B-00C04F79EFBC}") = "Greetings.DomainModel", "Greetings\Greetings.DomainModel\Greetings.DomainModel.csproj", "{89062357-E5B6-4029-8145-67221CC0FCD9}"
EndProject
Project("{FAE04EC0-301F-11D3-BF4B-00C04F79EFBC}") = "WeatherReporting.DomainModel", "WeatherReporting\WeatherReporting.DomainModel\WeatherReporting.DomainModel.csproj", "{67A0A204-EAE3-470B-86CD-281BACDF1C8A}"
EndProject
Project("{FAE04EC0-301F-11D3-BF4B-00C04F79EFBC}") = "Greetings.PublishedInterfaces", "Greetings\Greetings.PublishedInterfaces\Greetings.PublishedInterfaces.csproj", "{A6C812ED-84DD-43FA-9B5F-0333898158DC}"
EndProject
Project("{FAE04EC0-301F-11D3-BF4B-00C04F79EFBC}") = "WeatherReporting.PublishedInterfaces", "WeatherReporting\WeatherReporting.PublishedInterfaces\WeatherReporting.PublishedInterfaces.csproj", "{F87D874B-6A18-4157-A714-58FF469FD138}"
EndProject
Project("{FAE04EC0-301F-11D3-BF4B-00C04F79EFBC}") = "Greetings.Storage.Adapter", "Greetings\Greetings.Storage.Adapter\Greetings.Storage.Adapter.csproj", "{5AD3BA99-BC28-459D-A1B3-DF363A3A8681}"
EndProject
Project("{FAE04EC0-301F-11D3-BF4B-00C04F79EFBC}") = "WeatherReporting.ExternalSources.Adapter", "WeatherReporting\WeatherReporting.ExternalSources.Adapter\WeatherReporting.ExternalSources.Adapter.csproj", "{46CB6732-ED95-47E8-9592-57EFCF73607A}"
EndProject
Project("{2150E333-8FDC-42A3-9474-1A3956D46DE8}") = "tests", "tests", "{5F140205-03DF-44E0-9E4E-960C8BF7015E}"
EndProject
Project("{2150E333-8FDC-42A3-9474-1A3956D46DE8}") = "tests", "tests", "{D809FD4C-49E0-4B68-AAE9-101EFE3009AE}"
EndProject
Project("{FAE04EC0-301F-11D3-BF4B-00C04F79EFBC}") = "Greetings.ModuleConnector", "Greetings\Greetings.ModuleConnector\Greetings.ModuleConnector.csproj", "{EBDA22FD-2A63-4280-BD3E-959202C358C2}"
EndProject
Project("{FAE04EC0-301F-11D3-BF4B-00C04F79EFBC}") = "Greetings.ApplicationServices", "Greetings\Greetings.ApplicationServices\Greetings.ApplicationServices.csproj", "{DA878D95-EED0-425C-9589-2F50C9DA8333}"
EndProject
Global
	GlobalSection(SolutionConfigurationPlatforms) = preSolution
		Debug|Any CPU = Debug|Any CPU
		Release|Any CPU = Release|Any CPU
	EndGlobalSection
	GlobalSection(SolutionProperties) = preSolution
		HideSolutionNode = FALSE
	EndGlobalSection
	GlobalSection(ProjectConfigurationPlatforms) = postSolution
		{46BE5963-DB6B-440B-BEB6-864B46A1C175}.Debug|Any CPU.ActiveCfg = Debug|Any CPU
		{46BE5963-DB6B-440B-BEB6-864B46A1C175}.Debug|Any CPU.Build.0 = Debug|Any CPU
		{46BE5963-DB6B-440B-BEB6-864B46A1C175}.Release|Any CPU.ActiveCfg = Release|Any CPU
		{46BE5963-DB6B-440B-BEB6-864B46A1C175}.Release|Any CPU.Build.0 = Release|Any CPU
		{89062357-E5B6-4029-8145-67221CC0FCD9}.Debug|Any CPU.ActiveCfg = Debug|Any CPU
		{89062357-E5B6-4029-8145-67221CC0FCD9}.Debug|Any CPU.Build.0 = Debug|Any CPU
		{89062357-E5B6-4029-8145-67221CC0FCD9}.Release|Any CPU.ActiveCfg = Release|Any CPU
		{89062357-E5B6-4029-8145-67221CC0FCD9}.Release|Any CPU.Build.0 = Release|Any CPU
		{67A0A204-EAE3-470B-86CD-281BACDF1C8A}.Debug|Any CPU.ActiveCfg = Debug|Any CPU
		{67A0A204-EAE3-470B-86CD-281BACDF1C8A}.Debug|Any CPU.Build.0 = Debug|Any CPU
		{67A0A204-EAE3-470B-86CD-281BACDF1C8A}.Release|Any CPU.ActiveCfg = Release|Any CPU
		{67A0A204-EAE3-470B-86CD-281BACDF1C8A}.Release|Any CPU.Build.0 = Release|Any CPU
		{A6C812ED-84DD-43FA-9B5F-0333898158DC}.Debug|Any CPU.ActiveCfg = Debug|Any CPU
		{A6C812ED-84DD-43FA-9B5F-0333898158DC}.Debug|Any CPU.Build.0 = Debug|Any CPU
		{A6C812ED-84DD-43FA-9B5F-0333898158DC}.Release|Any CPU.ActiveCfg = Release|Any CPU
		{A6C812ED-84DD-43FA-9B5F-0333898158DC}.Release|Any CPU.Build.0 = Release|Any CPU
		{F87D874B-6A18-4157-A714-58FF469FD138}.Debug|Any CPU.ActiveCfg = Debug|Any CPU
		{F87D874B-6A18-4157-A714-58FF469FD138}.Debug|Any CPU.Build.0 = Debug|Any CPU
		{F87D874B-6A18-4157-A714-58FF469FD138}.Release|Any CPU.ActiveCfg = Release|Any CPU
		{F87D874B-6A18-4157-A714-58FF469FD138}.Release|Any CPU.Build.0 = Release|Any CPU
		{5AD3BA99-BC28-459D-A1B3-DF363A3A8681}.Debug|Any CPU.ActiveCfg = Debug|Any CPU
		{5AD3BA99-BC28-459D-A1B3-DF363A3A8681}.Debug|Any CPU.Build.0 = Debug|Any CPU
		{5AD3BA99-BC28-459D-A1B3-DF363A3A8681}.Release|Any CPU.ActiveCfg = Release|Any CPU
		{5AD3BA99-BC28-459D-A1B3-DF363A3A8681}.Release|Any CPU.Build.0 = Release|Any CPU
		{46CB6732-ED95-47E8-9592-57EFCF73607A}.Debug|Any CPU.ActiveCfg = Debug|Any CPU
		{46CB6732-ED95-47E8-9592-57EFCF73607A}.Debug|Any CPU.Build.0 = Debug|Any CPU
		{46CB6732-ED95-47E8-9592-57EFCF73607A}.Release|Any CPU.ActiveCfg = Release|Any CPU
		{46CB6732-ED95-47E8-9592-57EFCF73607A}.Release|Any CPU.Build.0 = Release|Any CPU
		{EBDA22FD-2A63-4280-BD3E-959202C358C2}.Debug|Any CPU.ActiveCfg = Debug|Any CPU
		{EBDA22FD-2A63-4280-BD3E-959202C358C2}.Debug|Any CPU.Build.0 = Debug|Any CPU
		{EBDA22FD-2A63-4280-BD3E-959202C358C2}.Release|Any CPU.ActiveCfg = Release|Any CPU
		{EBDA22FD-2A63-4280-BD3E-959202C358C2}.Release|Any CPU.Build.0 = Release|Any CPU
		{DA878D95-EED0-425C-9589-2F50C9DA8333}.Debug|Any CPU.ActiveCfg = Debug|Any CPU
		{DA878D95-EED0-425C-9589-2F50C9DA8333}.Debug|Any CPU.Build.0 = Debug|Any CPU
		{DA878D95-EED0-425C-9589-2F50C9DA8333}.Release|Any CPU.ActiveCfg = Release|Any CPU
		{DA878D95-EED0-425C-9589-2F50C9DA8333}.Release|Any CPU.Build.0 = Release|Any CPU
	EndGlobalSection
	GlobalSection(NestedProjects) = preSolution
		{89062357-E5B6-4029-8145-67221CC0FCD9} = {82FEC17F-555C-4F2B-8406-A1F59F303DF9}
		{67A0A204-EAE3-470B-86CD-281BACDF1C8A} = {910E4113-361E-4AB4-99E8-3E844E977596}
		{A6C812ED-84DD-43FA-9B5F-0333898158DC} = {82FEC17F-555C-4F2B-8406-A1F59F303DF9}
		{F87D874B-6A18-4157-A714-58FF469FD138} = {910E4113-361E-4AB4-99E8-3E844E977596}
		{5AD3BA99-BC28-459D-A1B3-DF363A3A8681} = {82FEC17F-555C-4F2B-8406-A1F59F303DF9}
		{46CB6732-ED95-47E8-9592-57EFCF73607A} = {910E4113-361E-4AB4-99E8-3E844E977596}
		{5F140205-03DF-44E0-9E4E-960C8BF7015E} = {82FEC17F-555C-4F2B-8406-A1F59F303DF9}
		{D809FD4C-49E0-4B68-AAE9-101EFE3009AE} = {910E4113-361E-4AB4-99E8-3E844E977596}
		{EBDA22FD-2A63-4280-BD3E-959202C358C2} = {82FEC17F-555C-4F2B-8406-A1F59F303DF9}
		{DA878D95-EED0-425C-9589-2F50C9DA8333} = {82FEC17F-555C-4F2B-8406-A1F59F303DF9}
	EndGlobalSection
EndGlobal
